
Microsoft Visual Studio Solution File, Format Version 12.00
# Visual Studio Version 17
VisualStudioVersion = 17.7.34024.191
MinimumVisualStudioVersion = 10.0.40219.1
Project("{FAE04EC0-301F-11D3-BF4B-00C04F79EFBC}") = "ConexaoBD", "ConexaoBD.csproj", "{0C20A068-25A0-4B35-B7F4-8808D84C5062}"
EndProject
Global
	GlobalSection(SolutionConfigurationPlatforms) = preSolution
		Debug|Any CPU = Debug|Any CPU
		Release|Any CPU = Release|Any CPU
	EndGlobalSection
	GlobalSection(ProjectConfigurationPlatforms) = postSolution
		{0C20A068-25A0-4B35-B7F4-8808D84C5062}.Debug|Any CPU.ActiveCfg = Debug|Any CPU
		{0C20A068-25A0-4B35-B7F4-8808D84C5062}.Debug|Any CPU.Build.0 = Debug|Any CPU
		{0C20A068-25A0-4B35-B7F4-8808D84C5062}.Release|Any CPU.ActiveCfg = Release|Any CPU
		{0C20A068-25A0-4B35-B7F4-8808D84C5062}.Release|Any CPU.Build.0 = Release|Any CPU
	EndGlobalSection
	GlobalSection(SolutionProperties) = preSolution
		HideSolutionNode = FALSE
	EndGlobalSection
	GlobalSection(ExtensibilityGlobals) = postSolution
		SolutionGuid = {36328A8B-76EC-4310-BF6A-A38B5C2409C1}
	EndGlobalSection
EndGlobal
